
Microsoft Visual Studio Solution File, Format Version 12.00
# Visual Studio Version 16
VisualStudioVersion = 16.0.31424.327
MinimumVisualStudioVersion = 10.0.40219.1
Project("{9A19103F-16F7-4668-BE54-9A1E7A4F7556}") = "LibreryApp", "LibreryApp\LibreryApp.csproj", "{1899878D-15A8-4F33-834C-072BBBBCBD01}"
EndProject
Project("{9A19103F-16F7-4668-BE54-9A1E7A4F7556}") = "BusinessLayer", "BusinessLayer\BusinessLayer.csproj", "{5646F832-FAEF-4F00-A2F0-48F61EAA7E50}"
EndProject
Project("{2150E333-8FDC-42A3-9474-1A3956D46DE8}") = "Solution Items", "Solution Items", "{F5A0CDFC-7ED0-484C-8C8D-3988398ABD33}"
	ProjectSection(SolutionItems) = preProject
		.editorconfig = .editorconfig
	EndProjectSection
EndProject
Project("{FAE04EC0-301F-11D3-BF4B-00C04F79EFBC}") = "DataBase", "DataBase\DataBase.csproj", "{0C12F027-013F-4D37-9834-8FDA6E90ADCF}"
EndProject
Global
	GlobalSection(SolutionConfigurationPlatforms) = preSolution
		Debug|Any CPU = Debug|Any CPU
		Release|Any CPU = Release|Any CPU
	EndGlobalSection
	GlobalSection(ProjectConfigurationPlatforms) = postSolution
		{1899878D-15A8-4F33-834C-072BBBBCBD01}.Debug|Any CPU.ActiveCfg = Debug|Any CPU
		{1899878D-15A8-4F33-834C-072BBBBCBD01}.Debug|Any CPU.Build.0 = Debug|Any CPU
		{1899878D-15A8-4F33-834C-072BBBBCBD01}.Release|Any CPU.ActiveCfg = Release|Any CPU
		{1899878D-15A8-4F33-834C-072BBBBCBD01}.Release|Any CPU.Build.0 = Release|Any CPU
		{5646F832-FAEF-4F00-A2F0-48F61EAA7E50}.Debug|Any CPU.ActiveCfg = Debug|Any CPU
		{5646F832-FAEF-4F00-A2F0-48F61EAA7E50}.Debug|Any CPU.Build.0 = Debug|Any CPU
		{5646F832-FAEF-4F00-A2F0-48F61EAA7E50}.Release|Any CPU.ActiveCfg = Release|Any CPU
		{5646F832-FAEF-4F00-A2F0-48F61EAA7E50}.Release|Any CPU.Build.0 = Release|Any CPU
		{0C12F027-013F-4D37-9834-8FDA6E90ADCF}.Debug|Any CPU.ActiveCfg = Debug|Any CPU
		{0C12F027-013F-4D37-9834-8FDA6E90ADCF}.Debug|Any CPU.Build.0 = Debug|Any CPU
		{0C12F027-013F-4D37-9834-8FDA6E90ADCF}.Release|Any CPU.ActiveCfg = Release|Any CPU
		{0C12F027-013F-4D37-9834-8FDA6E90ADCF}.Release|Any CPU.Build.0 = Release|Any CPU
	EndGlobalSection
	GlobalSection(SolutionProperties) = preSolution
		HideSolutionNode = FALSE
	EndGlobalSection
	GlobalSection(ExtensibilityGlobals) = postSolution
		SolutionGuid = {392E27C7-8038-4C6C-9418-3840D69F2309}
	EndGlobalSection
EndGlobal
